
Microsoft Visual Studio Solution File, Format Version 12.00
Project("{FAE04EC0-301F-11D3-BF4B-00C04F79EFBC}") = "Identity.Domain", "Identity.Domain\Identity.Domain.csproj", "{704337EA-39BC-457E-A7C3-73A55283C10E}"
EndProject
Project("{FAE04EC0-301F-11D3-BF4B-00C04F79EFBC}") = "Identity.Application", "Identity.Application\Identity.Application.csproj", "{336E06A1-FB3A-4D45-8231-920E317EF699}"
EndProject
Project("{FAE04EC0-301F-11D3-BF4B-00C04F79EFBC}") = "Identity.Infrastructure", "Identity.Infrastructure\Identity.Infrastructure.csproj", "{234E8DC6-A769-4947-87E6-83BEEAA02E85}"
EndProject
Global
	GlobalSection(SolutionConfigurationPlatforms) = preSolution
		Debug|Any CPU = Debug|Any CPU
		Release|Any CPU = Release|Any CPU
	EndGlobalSection
	GlobalSection(ProjectConfigurationPlatforms) = postSolution
		{704337EA-39BC-457E-A7C3-73A55283C10E}.Debug|Any CPU.ActiveCfg = Debug|Any CPU
		{704337EA-39BC-457E-A7C3-73A55283C10E}.Debug|Any CPU.Build.0 = Debug|Any CPU
		{704337EA-39BC-457E-A7C3-73A55283C10E}.Release|Any CPU.ActiveCfg = Release|Any CPU
		{704337EA-39BC-457E-A7C3-73A55283C10E}.Release|Any CPU.Build.0 = Release|Any CPU
		{336E06A1-FB3A-4D45-8231-920E317EF699}.Debug|Any CPU.ActiveCfg = Debug|Any CPU
		{336E06A1-FB3A-4D45-8231-920E317EF699}.Debug|Any CPU.Build.0 = Debug|Any CPU
		{336E06A1-FB3A-4D45-8231-920E317EF699}.Release|Any CPU.ActiveCfg = Release|Any CPU
		{336E06A1-FB3A-4D45-8231-920E317EF699}.Release|Any CPU.Build.0 = Release|Any CPU
		{234E8DC6-A769-4947-87E6-83BEEAA02E85}.Debug|Any CPU.ActiveCfg = Debug|Any CPU
		{234E8DC6-A769-4947-87E6-83BEEAA02E85}.Debug|Any CPU.Build.0 = Debug|Any CPU
		{234E8DC6-A769-4947-87E6-83BEEAA02E85}.Release|Any CPU.ActiveCfg = Release|Any CPU
		{234E8DC6-A769-4947-87E6-83BEEAA02E85}.Release|Any CPU.Build.0 = Release|Any CPU
	EndGlobalSection
EndGlobal
